
Microsoft Visual Studio Solution File, Format Version 12.00
# Visual Studio Version 18
VisualStudioVersion = 18.0.11222.15 d18.0
MinimumVisualStudioVersion = 10.0.40219.1
Project("{FAE04EC0-301F-11D3-BF4B-00C04F79EFBC}") = "KPLN_Library_ExtensibleStorage", "KPLN_Library_ExtensibleStorage\KPLN_Library_ExtensibleStorage.csproj", "{372CE602-253D-427D-ACE7-8798DE5F3C04}"
EndProject
Global
	GlobalSection(SolutionConfigurationPlatforms) = preSolution
		Debug2020|x64 = Debug2020|x64
		Debug2023|x64 = Debug2023|x64
		Debug2024|x64 = Debug2024|x64
		Revit2020|x64 = Revit2020|x64
		Revit2023|x64 = Revit2023|x64
		Revit2024|x64 = Revit2024|x64
	EndGlobalSection
	GlobalSection(ProjectConfigurationPlatforms) = postSolution
		{372CE602-253D-427D-ACE7-8798DE5F3C04}.Debug2020|x64.ActiveCfg = Debug2020|x64
		{372CE602-253D-427D-ACE7-8798DE5F3C04}.Debug2020|x64.Build.0 = Debug2020|x64
		{372CE602-253D-427D-ACE7-8798DE5F3C04}.Debug2023|x64.ActiveCfg = Debug2023|x64
		{372CE602-253D-427D-ACE7-8798DE5F3C04}.Debug2023|x64.Build.0 = Debug2023|x64
		{372CE602-253D-427D-ACE7-8798DE5F3C04}.Debug2024|x64.ActiveCfg = Debug2024|x64
		{372CE602-253D-427D-ACE7-8798DE5F3C04}.Debug2024|x64.Build.0 = Debug2024|x64
		{372CE602-253D-427D-ACE7-8798DE5F3C04}.Revit2020|x64.ActiveCfg = Revit2020|x64
		{372CE602-253D-427D-ACE7-8798DE5F3C04}.Revit2020|x64.Build.0 = Revit2020|x64
		{372CE602-253D-427D-ACE7-8798DE5F3C04}.Revit2023|x64.ActiveCfg = Revit2023|x64
		{372CE602-253D-427D-ACE7-8798DE5F3C04}.Revit2023|x64.Build.0 = Revit2023|x64
		{372CE602-253D-427D-ACE7-8798DE5F3C04}.Revit2024|x64.ActiveCfg = Revit2024|x64
		{372CE602-253D-427D-ACE7-8798DE5F3C04}.Revit2024|x64.Build.0 = Revit2024|x64
	EndGlobalSection
	GlobalSection(SolutionProperties) = preSolution
		HideSolutionNode = FALSE
	EndGlobalSection
	GlobalSection(ExtensibilityGlobals) = postSolution
		SolutionGuid = {337CC6E1-CCD6-4AF7-996A-19ED68C9418E}
	EndGlobalSection
EndGlobal
