
Microsoft Visual Studio Solution File, Format Version 12.00
# Visual Studio Version 17
VisualStudioVersion = 17.1.32421.90
MinimumVisualStudioVersion = 10.0.40219.1
Project("{FAE04EC0-301F-11D3-BF4B-00C04F79EFBC}") = "KPLN_Library_ExtensibleStorage", "KPLN_Library_ExtensibleStorage\KPLN_Library_ExtensibleStorage.csproj", "{372CE602-253D-427D-ACE7-8798DE5F3C04}"
EndProject
Global
	GlobalSection(SolutionConfigurationPlatforms) = preSolution
		Debug|Any CPU = Debug|Any CPU
		Release|Any CPU = Release|Any CPU
		Revit2020|Any CPU = Revit2020|Any CPU
		Revit2023|Any CPU = Revit2023|Any CPU
	EndGlobalSection
	GlobalSection(ProjectConfigurationPlatforms) = postSolution
		{372CE602-253D-427D-ACE7-8798DE5F3C04}.Debug|Any CPU.ActiveCfg = Debug|Any CPU
		{372CE602-253D-427D-ACE7-8798DE5F3C04}.Debug|Any CPU.Build.0 = Debug|Any CPU
		{372CE602-253D-427D-ACE7-8798DE5F3C04}.Release|Any CPU.ActiveCfg = Release|Any CPU
		{372CE602-253D-427D-ACE7-8798DE5F3C04}.Release|Any CPU.Build.0 = Release|Any CPU
		{372CE602-253D-427D-ACE7-8798DE5F3C04}.Revit2020|Any CPU.ActiveCfg = Revit2020|Any CPU
		{372CE602-253D-427D-ACE7-8798DE5F3C04}.Revit2020|Any CPU.Build.0 = Revit2020|Any CPU
		{372CE602-253D-427D-ACE7-8798DE5F3C04}.Revit2023|Any CPU.ActiveCfg = Revit2023|Any CPU
		{372CE602-253D-427D-ACE7-8798DE5F3C04}.Revit2023|Any CPU.Build.0 = Revit2023|Any CPU
	EndGlobalSection
	GlobalSection(SolutionProperties) = preSolution
		HideSolutionNode = FALSE
	EndGlobalSection
	GlobalSection(ExtensibilityGlobals) = postSolution
		SolutionGuid = {337CC6E1-CCD6-4AF7-996A-19ED68C9418E}
	EndGlobalSection
EndGlobal
