
Microsoft Visual Studio Solution File, Format Version 12.00
# Visual Studio Version 18
VisualStudioVersion = 18.0.11222.15 d18.0
MinimumVisualStudioVersion = 10.0.40219.1
Project("{FAE04EC0-301F-11D3-BF4B-00C04F79EFBC}") = "KPLN_Publication", "KPLN_Publication\KPLN_Publication.csproj", "{A666B372-13FA-442A-8A18-FCE286C19CCF}"
EndProject
Global
	GlobalSection(SolutionConfigurationPlatforms) = preSolution
		Debug2020|x64 = Debug2020|x64
		Debug2023|x64 = Debug2023|x64
		Debug2024|x64 = Debug2024|x64
		Debug2026|x64 = Debug2026|x64
		Revit2020|x64 = Revit2020|x64
		Revit2023|x64 = Revit2023|x64
		Revit2024|x64 = Revit2024|x64
		Revit2026|x64 = Revit2026|x64
	EndGlobalSection
	GlobalSection(ProjectConfigurationPlatforms) = postSolution
		{A666B372-13FA-442A-8A18-FCE286C19CCF}.Debug2020|x64.ActiveCfg = Debug2020|x64
		{A666B372-13FA-442A-8A18-FCE286C19CCF}.Debug2020|x64.Build.0 = Debug2020|x64
		{A666B372-13FA-442A-8A18-FCE286C19CCF}.Debug2023|x64.ActiveCfg = Debug2023|x64
		{A666B372-13FA-442A-8A18-FCE286C19CCF}.Debug2023|x64.Build.0 = Debug2023|x64
		{A666B372-13FA-442A-8A18-FCE286C19CCF}.Debug2024|x64.ActiveCfg = Debug2024|x64
		{A666B372-13FA-442A-8A18-FCE286C19CCF}.Debug2026|x64.ActiveCfg = Debug2026|x64
		{A666B372-13FA-442A-8A18-FCE286C19CCF}.Debug2024|x64.Build.0 = Debug2024|x64
		{A666B372-13FA-442A-8A18-FCE286C19CCF}.Debug2026|x64.Build.0 = Debug2026|x64
		{A666B372-13FA-442A-8A18-FCE286C19CCF}.Revit2020|x64.ActiveCfg = Revit2020|x64
		{A666B372-13FA-442A-8A18-FCE286C19CCF}.Revit2020|x64.Build.0 = Revit2020|x64
		{A666B372-13FA-442A-8A18-FCE286C19CCF}.Revit2023|x64.ActiveCfg = Revit2023|x64
		{A666B372-13FA-442A-8A18-FCE286C19CCF}.Revit2023|x64.Build.0 = Revit2023|x64
		{A666B372-13FA-442A-8A18-FCE286C19CCF}.Revit2024|x64.ActiveCfg = Revit2024|x64
		{A666B372-13FA-442A-8A18-FCE286C19CCF}.Revit2026|x64.ActiveCfg = Revit2026|x64
		{A666B372-13FA-442A-8A18-FCE286C19CCF}.Revit2024|x64.Build.0 = Revit2024|x64
		{A666B372-13FA-442A-8A18-FCE286C19CCF}.Revit2026|x64.Build.0 = Revit2026|x64
	EndGlobalSection
	GlobalSection(SolutionProperties) = preSolution
		HideSolutionNode = FALSE
	EndGlobalSection
	GlobalSection(ExtensibilityGlobals) = postSolution
		SolutionGuid = {D1BF727F-133F-4BC4-B5E7-9E4C212CB8C4}
	EndGlobalSection
EndGlobal
