
Microsoft Visual Studio Solution File, Format Version 12.00
# Visual Studio Version 17
VisualStudioVersion = 17.11.35327.3
MinimumVisualStudioVersion = 10.0.40219.1
Project("{FAE04EC0-301F-11D3-BF4B-00C04F79EFBC}") = "KPLN_WebApplication", "KPLN_WebApplication.csproj", "{405C239B-6DA1-406C-A156-3192C10235ED}"
EndProject
Global
	GlobalSection(SolutionConfigurationPlatforms) = preSolution
		Debug|Any CPU = Debug|Any CPU
		Release|Any CPU = Release|Any CPU
	EndGlobalSection
	GlobalSection(ProjectConfigurationPlatforms) = postSolution
		{405C239B-6DA1-406C-A156-3192C10235ED}.Debug|Any CPU.ActiveCfg = Debug|Any CPU
		{405C239B-6DA1-406C-A156-3192C10235ED}.Debug|Any CPU.Build.0 = Debug|Any CPU
		{405C239B-6DA1-406C-A156-3192C10235ED}.Release|Any CPU.ActiveCfg = Release|Any CPU
		{405C239B-6DA1-406C-A156-3192C10235ED}.Release|Any CPU.Build.0 = Release|Any CPU
	EndGlobalSection
	GlobalSection(SolutionProperties) = preSolution
		HideSolutionNode = FALSE
	EndGlobalSection
	GlobalSection(ExtensibilityGlobals) = postSolution
		SolutionGuid = {97E69602-AB2B-48A3-BBBE-D25BA09882ED}
	EndGlobalSection
EndGlobal
