
Microsoft Visual Studio Solution File, Format Version 12.00
# Visual Studio Version 17
VisualStudioVersion = 17.11.35327.3
MinimumVisualStudioVersion = 10.0.40219.1
Project("{FAE04EC0-301F-11D3-BF4B-00C04F79EFBC}") = "KPLN_Library_ConfigWorker", "KPLN_Library_ConfigWorker.csproj", "{BA1F5CDE-F161-4C5A-A5A4-EEF15DFF8777}"
EndProject
Global
	GlobalSection(SolutionConfigurationPlatforms) = preSolution
		Debug2020|x64 = Debug2020|x64
		Debug2023|x64 = Debug2023|x64
		Revit2020|x64 = Revit2020|x64
		Revit2023|x64 = Revit2023|x64
	EndGlobalSection
	GlobalSection(ProjectConfigurationPlatforms) = postSolution
		{BA1F5CDE-F161-4C5A-A5A4-EEF15DFF8777}.Debug2020|x64.ActiveCfg = Debug2020|x64
		{BA1F5CDE-F161-4C5A-A5A4-EEF15DFF8777}.Debug2020|x64.Build.0 = Debug2020|x64
		{BA1F5CDE-F161-4C5A-A5A4-EEF15DFF8777}.Debug2023|x64.ActiveCfg = Debug2023|x64
		{BA1F5CDE-F161-4C5A-A5A4-EEF15DFF8777}.Debug2023|x64.Build.0 = Debug2023|x64
		{BA1F5CDE-F161-4C5A-A5A4-EEF15DFF8777}.Revit2020|x64.ActiveCfg = Revit2020|x64
		{BA1F5CDE-F161-4C5A-A5A4-EEF15DFF8777}.Revit2020|x64.Build.0 = Revit2020|x64
		{BA1F5CDE-F161-4C5A-A5A4-EEF15DFF8777}.Revit2023|x64.ActiveCfg = Revit2023|x64
		{BA1F5CDE-F161-4C5A-A5A4-EEF15DFF8777}.Revit2023|x64.Build.0 = Revit2023|x64
	EndGlobalSection
	GlobalSection(SolutionProperties) = preSolution
		HideSolutionNode = FALSE
	EndGlobalSection
	GlobalSection(ExtensibilityGlobals) = postSolution
		SolutionGuid = {6F2B5599-A0F9-4E1D-BE96-8E561A76EF68}
	EndGlobalSection
EndGlobal
