
Microsoft Visual Studio Solution File, Format Version 12.00
# Visual Studio Version 17
VisualStudioVersion = 17.9.34701.34
MinimumVisualStudioVersion = 10.0.40219.1
Project("{FAE04EC0-301F-11D3-BF4B-00C04F79EFBC}") = "KPLN_Finishing", "KPLN_Finishing.csproj", "{B1D6FC27-E1AA-44F8-945A-395E7B5F3D75}"
EndProject
Global
	GlobalSection(SolutionConfigurationPlatforms) = preSolution
		Debug2020|x64 = Debug2020|x64
		Debug2023|x64 = Debug2023|x64
		Revit2020|x64 = Revit2020|x64
		Revit2023|x64 = Revit2023|x64
	EndGlobalSection
	GlobalSection(ProjectConfigurationPlatforms) = postSolution
		{B1D6FC27-E1AA-44F8-945A-395E7B5F3D75}.Debug2020|x64.ActiveCfg = Debug2020|x64
		{B1D6FC27-E1AA-44F8-945A-395E7B5F3D75}.Debug2020|x64.Build.0 = Debug2020|x64
		{B1D6FC27-E1AA-44F8-945A-395E7B5F3D75}.Debug2023|x64.ActiveCfg = Debug2023|x64
		{B1D6FC27-E1AA-44F8-945A-395E7B5F3D75}.Debug2023|x64.Build.0 = Debug2023|x64
		{B1D6FC27-E1AA-44F8-945A-395E7B5F3D75}.Revit2020|x64.ActiveCfg = Revit2020|x64
		{B1D6FC27-E1AA-44F8-945A-395E7B5F3D75}.Revit2020|x64.Build.0 = Revit2020|x64
		{B1D6FC27-E1AA-44F8-945A-395E7B5F3D75}.Revit2023|x64.ActiveCfg = Revit2023|x64
		{B1D6FC27-E1AA-44F8-945A-395E7B5F3D75}.Revit2023|x64.Build.0 = Revit2023|x64
	EndGlobalSection
	GlobalSection(SolutionProperties) = preSolution
		HideSolutionNode = FALSE
	EndGlobalSection
	GlobalSection(ExtensibilityGlobals) = postSolution
		SolutionGuid = {F5B4EA7D-175A-4E45-A0B6-C33AA4385A78}
	EndGlobalSection
EndGlobal
