
Microsoft Visual Studio Solution File, Format Version 12.00
# Visual Studio Version 17
VisualStudioVersion = 17.1.32421.90
MinimumVisualStudioVersion = 10.0.40219.1
Project("{FAE04EC0-301F-11D3-BF4B-00C04F79EFBC}") = "KPLN_Loader", "KPLN_Loader\KPLN_Loader.csproj", "{0D980054-7EA6-49AA-B184-1306E56695EA}"
EndProject
Global
	GlobalSection(SolutionConfigurationPlatforms) = preSolution
		Debug2020|x64 = Debug2020|x64
		Debug2023|x64 = Debug2023|x64
		Revit2020|x64 = Revit2020|x64
		Revit2023|x64 = Revit2023|x64
	EndGlobalSection
	GlobalSection(ProjectConfigurationPlatforms) = postSolution
		{0D980054-7EA6-49AA-B184-1306E56695EA}.Debug2020|x64.ActiveCfg = Debug2020|x64
		{0D980054-7EA6-49AA-B184-1306E56695EA}.Debug2023|x64.ActiveCfg = Debug2023|x64
		{0D980054-7EA6-49AA-B184-1306E56695EA}.Revit2020|x64.ActiveCfg = Revit2020|x64
		{0D980054-7EA6-49AA-B184-1306E56695EA}.Revit2023|x64.ActiveCfg = Revit2023|x64
	EndGlobalSection
	GlobalSection(SolutionProperties) = preSolution
		HideSolutionNode = FALSE
	EndGlobalSection
	GlobalSection(ExtensibilityGlobals) = postSolution
		SolutionGuid = {30044D84-C9DD-4D86-B41D-5C376E79D8A2}
	EndGlobalSection
EndGlobal
