
Microsoft Visual Studio Solution File, Format Version 12.00
# Visual Studio Version 17
VisualStudioVersion = 17.1.32421.90
MinimumVisualStudioVersion = 10.0.40219.1
Project("{FAE04EC0-301F-11D3-BF4B-00C04F79EFBC}") = "KPLN_Loader", "KPLN_Loader\KPLN_Loader.csproj", "{0D980054-7EA6-49AA-B184-1306E56695EA}"
EndProject
Global
	GlobalSection(SolutionConfigurationPlatforms) = preSolution
		Debug|Any CPU = Debug|Any CPU
		Release|Any CPU = Release|Any CPU
		Revit2020|Any CPU = Revit2020|Any CPU
		Revit2023|Any CPU = Revit2023|Any CPU
	EndGlobalSection
	GlobalSection(ProjectConfigurationPlatforms) = postSolution
		{0D980054-7EA6-49AA-B184-1306E56695EA}.Debug|Any CPU.ActiveCfg = Debug|Any CPU
		{0D980054-7EA6-49AA-B184-1306E56695EA}.Release|Any CPU.ActiveCfg = Release|Any CPU
		{0D980054-7EA6-49AA-B184-1306E56695EA}.Revit2020|Any CPU.ActiveCfg = Revit2020|Any CPU
		{0D980054-7EA6-49AA-B184-1306E56695EA}.Revit2023|Any CPU.ActiveCfg = Revit2023|Any CPU
	EndGlobalSection
	GlobalSection(SolutionProperties) = preSolution
		HideSolutionNode = FALSE
	EndGlobalSection
	GlobalSection(ExtensibilityGlobals) = postSolution
		SolutionGuid = {30044D84-C9DD-4D86-B41D-5C376E79D8A2}
	EndGlobalSection
EndGlobal
