
Microsoft Visual Studio Solution File, Format Version 12.00
# Visual Studio Version 17
VisualStudioVersion = 17.1.32421.90
MinimumVisualStudioVersion = 10.0.40219.1
Project("{FAE04EC0-301F-11D3-BF4B-00C04F79EFBC}") = "KPLN_Looker", "KPLN_Looker\KPLN_Looker.csproj", "{4379330A-7D4D-420E-8EC2-4F9E0149D9D4}"
EndProject
Project("{FAE04EC0-301F-11D3-BF4B-00C04F79EFBC}") = "KPLN_Library_SQLiteWorker", "..\01_KPLN_Library\KPLN_Library_SQLiteWorker\KPLN_Library_SQLiteWorker\KPLN_Library_SQLiteWorker.csproj", "{F852DAC2-074F-426E-B853-3A858062FCD7}"
EndProject
Project("{FAE04EC0-301F-11D3-BF4B-00C04F79EFBC}") = "KPLN_Library_Bitrix24Worker", "..\01_KPLN_Library\KPLN_Library_Bitrix24Worker\KPLN_Library_Bitrix24Worker\KPLN_Library_Bitrix24Worker.csproj", "{B81FECFC-20D8-46E0-88DF-6620FBD3D970}"
EndProject
Global
	GlobalSection(SolutionConfigurationPlatforms) = preSolution
		Debug|Any CPU = Debug|Any CPU
		Release|Any CPU = Release|Any CPU
		Revit2020|Any CPU = Revit2020|Any CPU
		Revit2023|Any CPU = Revit2023|Any CPU
	EndGlobalSection
	GlobalSection(ProjectConfigurationPlatforms) = postSolution
		{4379330A-7D4D-420E-8EC2-4F9E0149D9D4}.Debug|Any CPU.ActiveCfg = Debug|Any CPU
		{4379330A-7D4D-420E-8EC2-4F9E0149D9D4}.Debug|Any CPU.Build.0 = Debug|Any CPU
		{4379330A-7D4D-420E-8EC2-4F9E0149D9D4}.Release|Any CPU.ActiveCfg = Release|Any CPU
		{4379330A-7D4D-420E-8EC2-4F9E0149D9D4}.Release|Any CPU.Build.0 = Release|Any CPU
		{4379330A-7D4D-420E-8EC2-4F9E0149D9D4}.Revit2020|Any CPU.ActiveCfg = Revit2020|Any CPU
		{4379330A-7D4D-420E-8EC2-4F9E0149D9D4}.Revit2020|Any CPU.Build.0 = Revit2020|Any CPU
		{4379330A-7D4D-420E-8EC2-4F9E0149D9D4}.Revit2023|Any CPU.ActiveCfg = Revit2023|Any CPU
		{4379330A-7D4D-420E-8EC2-4F9E0149D9D4}.Revit2023|Any CPU.Build.0 = Revit2023|Any CPU
		{F852DAC2-074F-426E-B853-3A858062FCD7}.Debug|Any CPU.ActiveCfg = Debug|Any CPU
		{F852DAC2-074F-426E-B853-3A858062FCD7}.Debug|Any CPU.Build.0 = Debug|Any CPU
		{F852DAC2-074F-426E-B853-3A858062FCD7}.Release|Any CPU.ActiveCfg = Release|Any CPU
		{F852DAC2-074F-426E-B853-3A858062FCD7}.Release|Any CPU.Build.0 = Release|Any CPU
		{F852DAC2-074F-426E-B853-3A858062FCD7}.Revit2020|Any CPU.ActiveCfg = Revit2023|Any CPU
		{F852DAC2-074F-426E-B853-3A858062FCD7}.Revit2020|Any CPU.Build.0 = Revit2023|Any CPU
		{F852DAC2-074F-426E-B853-3A858062FCD7}.Revit2023|Any CPU.ActiveCfg = Revit2023|Any CPU
		{F852DAC2-074F-426E-B853-3A858062FCD7}.Revit2023|Any CPU.Build.0 = Revit2023|Any CPU
		{B81FECFC-20D8-46E0-88DF-6620FBD3D970}.Debug|Any CPU.ActiveCfg = Debug|Any CPU
		{B81FECFC-20D8-46E0-88DF-6620FBD3D970}.Debug|Any CPU.Build.0 = Debug|Any CPU
		{B81FECFC-20D8-46E0-88DF-6620FBD3D970}.Release|Any CPU.ActiveCfg = Release|Any CPU
		{B81FECFC-20D8-46E0-88DF-6620FBD3D970}.Release|Any CPU.Build.0 = Release|Any CPU
		{B81FECFC-20D8-46E0-88DF-6620FBD3D970}.Revit2020|Any CPU.ActiveCfg = Release|Any CPU
		{B81FECFC-20D8-46E0-88DF-6620FBD3D970}.Revit2020|Any CPU.Build.0 = Release|Any CPU
		{B81FECFC-20D8-46E0-88DF-6620FBD3D970}.Revit2023|Any CPU.ActiveCfg = Release|Any CPU
		{B81FECFC-20D8-46E0-88DF-6620FBD3D970}.Revit2023|Any CPU.Build.0 = Release|Any CPU
	EndGlobalSection
	GlobalSection(SolutionProperties) = preSolution
		HideSolutionNode = FALSE
	EndGlobalSection
	GlobalSection(ExtensibilityGlobals) = postSolution
		SolutionGuid = {A9FE80E1-9C7E-4BE9-ACA4-5D3A3904FD54}
	EndGlobalSection
EndGlobal
