
Microsoft Visual Studio Solution File, Format Version 12.00
# Visual Studio Version 18
VisualStudioVersion = 18.0.11222.15 d18.0
MinimumVisualStudioVersion = 10.0.40219.1
Project("{FAE04EC0-301F-11D3-BF4B-00C04F79EFBC}") = "KPLN_Looker", "KPLN_Looker\KPLN_Looker.csproj", "{4379330A-7D4D-420E-8EC2-4F9E0149D9D4}"
EndProject
Project("{FAE04EC0-301F-11D3-BF4B-00C04F79EFBC}") = "KPLN_Library_SQLiteWorker", "..\01_KPLN_Library\KPLN_Library_SQLiteWorker\KPLN_Library_SQLiteWorker\KPLN_Library_SQLiteWorker.csproj", "{F852DAC2-074F-426E-B853-3A858062FCD7}"
EndProject
Project("{FAE04EC0-301F-11D3-BF4B-00C04F79EFBC}") = "KPLN_Library_Bitrix24Worker", "..\01_KPLN_Library\KPLN_Library_Bitrix24Worker\KPLN_Library_Bitrix24Worker\KPLN_Library_Bitrix24Worker.csproj", "{B81FECFC-20D8-46E0-88DF-6620FBD3D970}"
EndProject
Project("{FAE04EC0-301F-11D3-BF4B-00C04F79EFBC}") = "KPLN_Loader", "..\KPLN_Loader\KPLN_Loader\KPLN_Loader.csproj", "{0D980054-7EA6-49AA-B184-1306E56695EA}"
EndProject
Global
	GlobalSection(SolutionConfigurationPlatforms) = preSolution
		Debug2020|x64 = Debug2020|x64
		Debug2023|x64 = Debug2023|x64
		Debug2024|x64 = Debug2024|x64
		Revit2020|x64 = Revit2020|x64
		Revit2023|x64 = Revit2023|x64
		Revit2024|x64 = Revit2024|x64
	EndGlobalSection
	GlobalSection(ProjectConfigurationPlatforms) = postSolution
		{4379330A-7D4D-420E-8EC2-4F9E0149D9D4}.Debug2020|x64.ActiveCfg = Debug2020|x64
		{4379330A-7D4D-420E-8EC2-4F9E0149D9D4}.Debug2020|x64.Build.0 = Debug2020|x64
		{4379330A-7D4D-420E-8EC2-4F9E0149D9D4}.Debug2023|x64.ActiveCfg = Debug2023|x64
		{4379330A-7D4D-420E-8EC2-4F9E0149D9D4}.Debug2023|x64.Build.0 = Debug2023|x64
		{4379330A-7D4D-420E-8EC2-4F9E0149D9D4}.Debug2024|x64.ActiveCfg = Debug2024|x64
		{4379330A-7D4D-420E-8EC2-4F9E0149D9D4}.Debug2024|x64.Build.0 = Debug2024|x64
		{4379330A-7D4D-420E-8EC2-4F9E0149D9D4}.Revit2020|x64.ActiveCfg = Revit2020|x64
		{4379330A-7D4D-420E-8EC2-4F9E0149D9D4}.Revit2020|x64.Build.0 = Revit2020|x64
		{4379330A-7D4D-420E-8EC2-4F9E0149D9D4}.Revit2023|x64.ActiveCfg = Revit2023|x64
		{4379330A-7D4D-420E-8EC2-4F9E0149D9D4}.Revit2023|x64.Build.0 = Revit2023|x64
		{4379330A-7D4D-420E-8EC2-4F9E0149D9D4}.Revit2024|x64.ActiveCfg = Revit2024|x64
		{4379330A-7D4D-420E-8EC2-4F9E0149D9D4}.Revit2024|x64.Build.0 = Revit2024|x64
		{F852DAC2-074F-426E-B853-3A858062FCD7}.Debug2020|x64.ActiveCfg = Debug2020|x64
		{F852DAC2-074F-426E-B853-3A858062FCD7}.Debug2020|x64.Build.0 = Debug2020|x64
		{F852DAC2-074F-426E-B853-3A858062FCD7}.Debug2023|x64.ActiveCfg = Debug2023|x64
		{F852DAC2-074F-426E-B853-3A858062FCD7}.Debug2023|x64.Build.0 = Debug2023|x64
		{F852DAC2-074F-426E-B853-3A858062FCD7}.Debug2024|x64.ActiveCfg = Revit2020_ExtraNet|x64
		{F852DAC2-074F-426E-B853-3A858062FCD7}.Debug2024|x64.Build.0 = Revit2020_ExtraNet|x64
		{F852DAC2-074F-426E-B853-3A858062FCD7}.Revit2020|x64.ActiveCfg = Revit2020|x64
		{F852DAC2-074F-426E-B853-3A858062FCD7}.Revit2020|x64.Build.0 = Revit2020|x64
		{F852DAC2-074F-426E-B853-3A858062FCD7}.Revit2023|x64.ActiveCfg = Revit2023|x64
		{F852DAC2-074F-426E-B853-3A858062FCD7}.Revit2023|x64.Build.0 = Revit2023|x64
		{F852DAC2-074F-426E-B853-3A858062FCD7}.Revit2024|x64.ActiveCfg = Debug2023|x64
		{F852DAC2-074F-426E-B853-3A858062FCD7}.Revit2024|x64.Build.0 = Debug2023|x64
		{B81FECFC-20D8-46E0-88DF-6620FBD3D970}.Debug2020|x64.ActiveCfg = Debug2020|x64
		{B81FECFC-20D8-46E0-88DF-6620FBD3D970}.Debug2020|x64.Build.0 = Debug2020|x64
		{B81FECFC-20D8-46E0-88DF-6620FBD3D970}.Debug2023|x64.ActiveCfg = Debug2023|x64
		{B81FECFC-20D8-46E0-88DF-6620FBD3D970}.Debug2023|x64.Build.0 = Debug2023|x64
		{B81FECFC-20D8-46E0-88DF-6620FBD3D970}.Debug2024|x64.ActiveCfg = Revit2023|x64
		{B81FECFC-20D8-46E0-88DF-6620FBD3D970}.Debug2024|x64.Build.0 = Revit2023|x64
		{B81FECFC-20D8-46E0-88DF-6620FBD3D970}.Revit2020|x64.ActiveCfg = Revit2020|x64
		{B81FECFC-20D8-46E0-88DF-6620FBD3D970}.Revit2020|x64.Build.0 = Revit2020|x64
		{B81FECFC-20D8-46E0-88DF-6620FBD3D970}.Revit2023|x64.ActiveCfg = Revit2023|x64
		{B81FECFC-20D8-46E0-88DF-6620FBD3D970}.Revit2023|x64.Build.0 = Revit2023|x64
		{B81FECFC-20D8-46E0-88DF-6620FBD3D970}.Revit2024|x64.ActiveCfg = Debug2023|x64
		{B81FECFC-20D8-46E0-88DF-6620FBD3D970}.Revit2024|x64.Build.0 = Debug2023|x64
		{0D980054-7EA6-49AA-B184-1306E56695EA}.Debug2020|x64.ActiveCfg = Debug2020|x64
		{0D980054-7EA6-49AA-B184-1306E56695EA}.Debug2020|x64.Build.0 = Debug2020|x64
		{0D980054-7EA6-49AA-B184-1306E56695EA}.Debug2023|x64.ActiveCfg = Debug2023|x64
		{0D980054-7EA6-49AA-B184-1306E56695EA}.Debug2023|x64.Build.0 = Debug2023|x64
		{0D980054-7EA6-49AA-B184-1306E56695EA}.Debug2024|x64.ActiveCfg = Debug2024|x64
		{0D980054-7EA6-49AA-B184-1306E56695EA}.Debug2024|x64.Build.0 = Debug2024|x64
		{0D980054-7EA6-49AA-B184-1306E56695EA}.Revit2020|x64.ActiveCfg = Revit2020|x64
		{0D980054-7EA6-49AA-B184-1306E56695EA}.Revit2020|x64.Build.0 = Revit2020|x64
		{0D980054-7EA6-49AA-B184-1306E56695EA}.Revit2023|x64.ActiveCfg = Revit2023|x64
		{0D980054-7EA6-49AA-B184-1306E56695EA}.Revit2023|x64.Build.0 = Revit2023|x64
		{0D980054-7EA6-49AA-B184-1306E56695EA}.Revit2024|x64.ActiveCfg = Revit2024|x64
		{0D980054-7EA6-49AA-B184-1306E56695EA}.Revit2024|x64.Build.0 = Revit2024|x64
	EndGlobalSection
	GlobalSection(SolutionProperties) = preSolution
		HideSolutionNode = FALSE
	EndGlobalSection
	GlobalSection(ExtensibilityGlobals) = postSolution
		SolutionGuid = {A9FE80E1-9C7E-4BE9-ACA4-5D3A3904FD54}
	EndGlobalSection
EndGlobal
