
Microsoft Visual Studio Solution File, Format Version 12.00
# Visual Studio Version 17
VisualStudioVersion = 17.1.32421.90
MinimumVisualStudioVersion = 10.0.40219.1
Project("{FAE04EC0-301F-11D3-BF4B-00C04F79EFBC}") = "KPLN_Tools", "KPLN_Tools\KPLN_Tools.csproj", "{2E1CEC10-B809-4D6E-94CB-281DED0CA31C}"
EndProject
Project("{FAE04EC0-301F-11D3-BF4B-00C04F79EFBC}") = "KPLN_Library_SQLiteWorker", "..\01_KPLN_Library\KPLN_Library_SQLiteWorker\KPLN_Library_SQLiteWorker\KPLN_Library_SQLiteWorker.csproj", "{F852DAC2-074F-426E-B853-3A858062FCD7}"
EndProject
Project("{FAE04EC0-301F-11D3-BF4B-00C04F79EFBC}") = "KPLN_Library_Forms", "..\01_KPLN_Library\KPLN_Library_Forms\KPLN_Library_Forms\KPLN_Library_Forms.csproj", "{6DEDAA32-33DF-4AE2-8158-9D49798E2966}"
EndProject
Project("{FAE04EC0-301F-11D3-BF4B-00C04F79EFBC}") = "KPLN_Library_PluginActivityWorker", "..\01_KPLN_Library\KPLN_Library_PluginActivityWorker\KPLN_Library_PluginActivityWorker.csproj", "{5ACFFDF4-72D4-40E6-8C7B-A66D3B8763A1}"
EndProject
Global
	GlobalSection(SolutionConfigurationPlatforms) = preSolution
		Debug2020|x64 = Debug2020|x64
		Debug2023|x64 = Debug2023|x64
		Revit2020|x64 = Revit2020|x64
		Revit2023|x64 = Revit2023|x64
	EndGlobalSection
	GlobalSection(ProjectConfigurationPlatforms) = postSolution
		{2E1CEC10-B809-4D6E-94CB-281DED0CA31C}.Debug2020|x64.ActiveCfg = Debug2020|x64
		{2E1CEC10-B809-4D6E-94CB-281DED0CA31C}.Debug2020|x64.Build.0 = Debug2020|x64
		{2E1CEC10-B809-4D6E-94CB-281DED0CA31C}.Debug2023|x64.ActiveCfg = Debug2023|x64
		{2E1CEC10-B809-4D6E-94CB-281DED0CA31C}.Debug2023|x64.Build.0 = Debug2023|x64
		{2E1CEC10-B809-4D6E-94CB-281DED0CA31C}.Revit2020|x64.ActiveCfg = Revit2020|x64
		{2E1CEC10-B809-4D6E-94CB-281DED0CA31C}.Revit2020|x64.Build.0 = Revit2020|x64
		{2E1CEC10-B809-4D6E-94CB-281DED0CA31C}.Revit2023|x64.ActiveCfg = Revit2023|x64
		{2E1CEC10-B809-4D6E-94CB-281DED0CA31C}.Revit2023|x64.Build.0 = Revit2023|x64
		{F852DAC2-074F-426E-B853-3A858062FCD7}.Debug2020|x64.ActiveCfg = Debug2020|x64
		{F852DAC2-074F-426E-B853-3A858062FCD7}.Debug2023|x64.ActiveCfg = Debug2023|x64
		{F852DAC2-074F-426E-B853-3A858062FCD7}.Revit2020|x64.ActiveCfg = Revit2020|x64
		{F852DAC2-074F-426E-B853-3A858062FCD7}.Revit2023|x64.ActiveCfg = Revit2023|x64
		{6DEDAA32-33DF-4AE2-8158-9D49798E2966}.Debug2020|x64.ActiveCfg = Debug2020|x64
		{6DEDAA32-33DF-4AE2-8158-9D49798E2966}.Debug2023|x64.ActiveCfg = Debug2023|x64
		{6DEDAA32-33DF-4AE2-8158-9D49798E2966}.Revit2020|x64.ActiveCfg = Revit2020|x64
		{6DEDAA32-33DF-4AE2-8158-9D49798E2966}.Revit2023|x64.ActiveCfg = Revit2023|x64
		{5ACFFDF4-72D4-40E6-8C7B-A66D3B8763A1}.Debug2020|x64.ActiveCfg = Debug2020|x64
		{5ACFFDF4-72D4-40E6-8C7B-A66D3B8763A1}.Debug2020|x64.Build.0 = Debug2020|x64
		{5ACFFDF4-72D4-40E6-8C7B-A66D3B8763A1}.Debug2023|x64.ActiveCfg = Debug2023|x64
		{5ACFFDF4-72D4-40E6-8C7B-A66D3B8763A1}.Debug2023|x64.Build.0 = Debug2023|x64
		{5ACFFDF4-72D4-40E6-8C7B-A66D3B8763A1}.Revit2020|x64.ActiveCfg = Revit2020|x64
		{5ACFFDF4-72D4-40E6-8C7B-A66D3B8763A1}.Revit2020|x64.Build.0 = Revit2020|x64
		{5ACFFDF4-72D4-40E6-8C7B-A66D3B8763A1}.Revit2023|x64.ActiveCfg = Revit2023|x64
		{5ACFFDF4-72D4-40E6-8C7B-A66D3B8763A1}.Revit2023|x64.Build.0 = Revit2023|x64
	EndGlobalSection
	GlobalSection(SolutionProperties) = preSolution
		HideSolutionNode = FALSE
	EndGlobalSection
	GlobalSection(ExtensibilityGlobals) = postSolution
		SolutionGuid = {8BCF8A81-5604-427D-B29A-04C63E2B9AE4}
	EndGlobalSection
EndGlobal
