
Microsoft Visual Studio Solution File, Format Version 12.00
# Visual Studio Version 17
VisualStudioVersion = 17.1.32421.90
MinimumVisualStudioVersion = 10.0.40219.1
Project("{FAE04EC0-301F-11D3-BF4B-00C04F79EFBC}") = "KPLN_Library_SQLiteWorker", "KPLN_Library_SQLiteWorker\KPLN_Library_SQLiteWorker.csproj", "{F852DAC2-074F-426E-B853-3A858062FCD7}"
EndProject
Global
	GlobalSection(SolutionConfigurationPlatforms) = preSolution
		Debug|Any CPU = Debug|Any CPU
		Release|Any CPU = Release|Any CPU
		Revit2023|Any CPU = Revit2023|Any CPU
	EndGlobalSection
	GlobalSection(ProjectConfigurationPlatforms) = postSolution
		{F852DAC2-074F-426E-B853-3A858062FCD7}.Debug|Any CPU.ActiveCfg = Debug|Any CPU
		{F852DAC2-074F-426E-B853-3A858062FCD7}.Debug|Any CPU.Build.0 = Debug|Any CPU
		{F852DAC2-074F-426E-B853-3A858062FCD7}.Release|Any CPU.ActiveCfg = Release|Any CPU
		{F852DAC2-074F-426E-B853-3A858062FCD7}.Release|Any CPU.Build.0 = Release|Any CPU
		{F852DAC2-074F-426E-B853-3A858062FCD7}.Revit2023|Any CPU.ActiveCfg = Revit2023|Any CPU
		{F852DAC2-074F-426E-B853-3A858062FCD7}.Revit2023|Any CPU.Build.0 = Revit2023|Any CPU
	EndGlobalSection
	GlobalSection(SolutionProperties) = preSolution
		HideSolutionNode = FALSE
	EndGlobalSection
	GlobalSection(ExtensibilityGlobals) = postSolution
		SolutionGuid = {63FC425E-1761-4910-9F5C-590720F3C948}
	EndGlobalSection
EndGlobal
