
Microsoft Visual Studio Solution File, Format Version 12.00
# Visual Studio Version 18
VisualStudioVersion = 18.2.11415.280 d18.0
MinimumVisualStudioVersion = 10.0.40219.1
Project("{FAE04EC0-301F-11D3-BF4B-00C04F79EFBC}") = "KPLN_CSharp_Template", "KPLN_CSharp_Template\KPLN_CSharp_Template.csproj", "{00675015-3002-4A8F-B7C7-CBB16F172C75}"
EndProject
Global
	GlobalSection(SolutionConfigurationPlatforms) = preSolution
		Debug2020|x64 = Debug2020|x64
		Debug2023|x64 = Debug2023|x64
		Debug2024|x64 = Debug2024|x64
		Revit2020|x64 = Revit2020|x64
		Revit2023|x64 = Revit2023|x64
		Revit2024|x64 = Revit2024|x64
	EndGlobalSection
	GlobalSection(ProjectConfigurationPlatforms) = postSolution
		{00675015-3002-4A8F-B7C7-CBB16F172C75}.Debug2020|x64.ActiveCfg = Debug2020|x64
		{00675015-3002-4A8F-B7C7-CBB16F172C75}.Debug2020|x64.Build.0 = Debug2020|x64
		{00675015-3002-4A8F-B7C7-CBB16F172C75}.Debug2023|x64.ActiveCfg = Debug2023|x64
		{00675015-3002-4A8F-B7C7-CBB16F172C75}.Debug2023|x64.Build.0 = Debug2023|x64
		{00675015-3002-4A8F-B7C7-CBB16F172C75}.Debug2024|x64.ActiveCfg = Debug2024|x64
		{00675015-3002-4A8F-B7C7-CBB16F172C75}.Debug2024|x64.Build.0 = Debug2024|x64
		{00675015-3002-4A8F-B7C7-CBB16F172C75}.Revit2020|x64.ActiveCfg = Revit2020|x64
		{00675015-3002-4A8F-B7C7-CBB16F172C75}.Revit2020|x64.Build.0 = Revit2020|x64
		{00675015-3002-4A8F-B7C7-CBB16F172C75}.Revit2023|x64.ActiveCfg = Revit2023|x64
		{00675015-3002-4A8F-B7C7-CBB16F172C75}.Revit2023|x64.Build.0 = Revit2023|x64
		{00675015-3002-4A8F-B7C7-CBB16F172C75}.Revit2024|x64.ActiveCfg = Revit2024|x64
		{00675015-3002-4A8F-B7C7-CBB16F172C75}.Revit2024|x64.Build.0 = Revit2024|x64
	EndGlobalSection
	GlobalSection(SolutionProperties) = preSolution
		HideSolutionNode = FALSE
	EndGlobalSection
	GlobalSection(ExtensibilityGlobals) = postSolution
		SolutionGuid = {2990DC33-6E7B-4225-904A-7C4E85B1BFA6}
	EndGlobalSection
EndGlobal
