
Microsoft Visual Studio Solution File, Format Version 12.00
# Visual Studio Version 17
VisualStudioVersion = 17.11.35327.3
MinimumVisualStudioVersion = 10.0.40219.1
Project("{FAE04EC0-301F-11D3-BF4B-00C04F79EFBC}") = "KPLN_WebWorker", "KPLN_WebWorker.csproj", "{D937F54B-1D1F-4CCF-AEFF-1D63AD62E964}"
EndProject
Project("{9A19103F-16F7-4668-BE54-9A1E7A4F7556}") = "KPLN_WebApplication", "..\KPLN_WebApplication\KPLN_WebApplication.csproj", "{F38D508C-F11E-4C2C-9873-9E3F1DB64F2D}"
EndProject
Global
	GlobalSection(SolutionConfigurationPlatforms) = preSolution
		Debug|Any CPU = Debug|Any CPU
		Debug|x64 = Debug|x64
		Debug2020|Any CPU = Debug2020|Any CPU
		Debug2020|x64 = Debug2020|x64
		Debug2023|Any CPU = Debug2023|Any CPU
		Debug2023|x64 = Debug2023|x64
		Release|Any CPU = Release|Any CPU
		Release|x64 = Release|x64
		Revit2020|Any CPU = Revit2020|Any CPU
		Revit2020|x64 = Revit2020|x64
		Revit2023|Any CPU = Revit2023|Any CPU
		Revit2023|x64 = Revit2023|x64
	EndGlobalSection
	GlobalSection(ProjectConfigurationPlatforms) = postSolution
		{D937F54B-1D1F-4CCF-AEFF-1D63AD62E964}.Debug|Any CPU.ActiveCfg = Debug2020|x64
		{D937F54B-1D1F-4CCF-AEFF-1D63AD62E964}.Debug|Any CPU.Build.0 = Debug2020|x64
		{D937F54B-1D1F-4CCF-AEFF-1D63AD62E964}.Debug|x64.ActiveCfg = Debug2020|x64
		{D937F54B-1D1F-4CCF-AEFF-1D63AD62E964}.Debug|x64.Build.0 = Debug2020|x64
		{D937F54B-1D1F-4CCF-AEFF-1D63AD62E964}.Debug2020|Any CPU.ActiveCfg = Debug2020|x64
		{D937F54B-1D1F-4CCF-AEFF-1D63AD62E964}.Debug2020|Any CPU.Build.0 = Debug2020|x64
		{D937F54B-1D1F-4CCF-AEFF-1D63AD62E964}.Debug2020|x64.ActiveCfg = Debug2020|x64
		{D937F54B-1D1F-4CCF-AEFF-1D63AD62E964}.Debug2020|x64.Build.0 = Debug2020|x64
		{D937F54B-1D1F-4CCF-AEFF-1D63AD62E964}.Debug2023|Any CPU.ActiveCfg = Debug2023|x64
		{D937F54B-1D1F-4CCF-AEFF-1D63AD62E964}.Debug2023|Any CPU.Build.0 = Debug2023|x64
		{D937F54B-1D1F-4CCF-AEFF-1D63AD62E964}.Debug2023|x64.ActiveCfg = Debug2023|x64
		{D937F54B-1D1F-4CCF-AEFF-1D63AD62E964}.Debug2023|x64.Build.0 = Debug2023|x64
		{D937F54B-1D1F-4CCF-AEFF-1D63AD62E964}.Release|Any CPU.ActiveCfg = Revit2020|x64
		{D937F54B-1D1F-4CCF-AEFF-1D63AD62E964}.Release|Any CPU.Build.0 = Revit2020|x64
		{D937F54B-1D1F-4CCF-AEFF-1D63AD62E964}.Release|x64.ActiveCfg = Revit2020|x64
		{D937F54B-1D1F-4CCF-AEFF-1D63AD62E964}.Release|x64.Build.0 = Revit2020|x64
		{D937F54B-1D1F-4CCF-AEFF-1D63AD62E964}.Revit2020|Any CPU.ActiveCfg = Revit2020|x64
		{D937F54B-1D1F-4CCF-AEFF-1D63AD62E964}.Revit2020|Any CPU.Build.0 = Revit2020|x64
		{D937F54B-1D1F-4CCF-AEFF-1D63AD62E964}.Revit2020|x64.ActiveCfg = Revit2020|x64
		{D937F54B-1D1F-4CCF-AEFF-1D63AD62E964}.Revit2020|x64.Build.0 = Revit2020|x64
		{D937F54B-1D1F-4CCF-AEFF-1D63AD62E964}.Revit2023|Any CPU.ActiveCfg = Revit2023|x64
		{D937F54B-1D1F-4CCF-AEFF-1D63AD62E964}.Revit2023|Any CPU.Build.0 = Revit2023|x64
		{D937F54B-1D1F-4CCF-AEFF-1D63AD62E964}.Revit2023|x64.ActiveCfg = Revit2023|x64
		{D937F54B-1D1F-4CCF-AEFF-1D63AD62E964}.Revit2023|x64.Build.0 = Revit2023|x64
		{F38D508C-F11E-4C2C-9873-9E3F1DB64F2D}.Debug|Any CPU.ActiveCfg = Debug|Any CPU
		{F38D508C-F11E-4C2C-9873-9E3F1DB64F2D}.Debug|Any CPU.Build.0 = Debug|Any CPU
		{F38D508C-F11E-4C2C-9873-9E3F1DB64F2D}.Debug|x64.ActiveCfg = Debug|Any CPU
		{F38D508C-F11E-4C2C-9873-9E3F1DB64F2D}.Debug|x64.Build.0 = Debug|Any CPU
		{F38D508C-F11E-4C2C-9873-9E3F1DB64F2D}.Debug2020|Any CPU.ActiveCfg = Debug|Any CPU
		{F38D508C-F11E-4C2C-9873-9E3F1DB64F2D}.Debug2020|Any CPU.Build.0 = Debug|Any CPU
		{F38D508C-F11E-4C2C-9873-9E3F1DB64F2D}.Debug2020|x64.ActiveCfg = Debug|Any CPU
		{F38D508C-F11E-4C2C-9873-9E3F1DB64F2D}.Debug2020|x64.Build.0 = Debug|Any CPU
		{F38D508C-F11E-4C2C-9873-9E3F1DB64F2D}.Debug2023|Any CPU.ActiveCfg = Debug|Any CPU
		{F38D508C-F11E-4C2C-9873-9E3F1DB64F2D}.Debug2023|Any CPU.Build.0 = Debug|Any CPU
		{F38D508C-F11E-4C2C-9873-9E3F1DB64F2D}.Debug2023|x64.ActiveCfg = Debug|Any CPU
		{F38D508C-F11E-4C2C-9873-9E3F1DB64F2D}.Debug2023|x64.Build.0 = Debug|Any CPU
		{F38D508C-F11E-4C2C-9873-9E3F1DB64F2D}.Release|Any CPU.ActiveCfg = Release|Any CPU
		{F38D508C-F11E-4C2C-9873-9E3F1DB64F2D}.Release|Any CPU.Build.0 = Release|Any CPU
		{F38D508C-F11E-4C2C-9873-9E3F1DB64F2D}.Release|x64.ActiveCfg = Release|Any CPU
		{F38D508C-F11E-4C2C-9873-9E3F1DB64F2D}.Release|x64.Build.0 = Release|Any CPU
		{F38D508C-F11E-4C2C-9873-9E3F1DB64F2D}.Revit2020|Any CPU.ActiveCfg = Release|Any CPU
		{F38D508C-F11E-4C2C-9873-9E3F1DB64F2D}.Revit2020|Any CPU.Build.0 = Release|Any CPU
		{F38D508C-F11E-4C2C-9873-9E3F1DB64F2D}.Revit2020|x64.ActiveCfg = Release|Any CPU
		{F38D508C-F11E-4C2C-9873-9E3F1DB64F2D}.Revit2020|x64.Build.0 = Release|Any CPU
		{F38D508C-F11E-4C2C-9873-9E3F1DB64F2D}.Revit2023|Any CPU.ActiveCfg = Release|Any CPU
		{F38D508C-F11E-4C2C-9873-9E3F1DB64F2D}.Revit2023|Any CPU.Build.0 = Release|Any CPU
		{F38D508C-F11E-4C2C-9873-9E3F1DB64F2D}.Revit2023|x64.ActiveCfg = Release|Any CPU
		{F38D508C-F11E-4C2C-9873-9E3F1DB64F2D}.Revit2023|x64.Build.0 = Release|Any CPU
	EndGlobalSection
	GlobalSection(SolutionProperties) = preSolution
		HideSolutionNode = FALSE
	EndGlobalSection
	GlobalSection(ExtensibilityGlobals) = postSolution
		SolutionGuid = {B19A3C28-32AA-4F63-BBDC-781F29C61B5E}
	EndGlobalSection
EndGlobal
