
Microsoft Visual Studio Solution File, Format Version 12.00
# Visual Studio Version 17
VisualStudioVersion = 17.9.34701.34
MinimumVisualStudioVersion = 10.0.40219.1
Project("{FAE04EC0-301F-11D3-BF4B-00C04F79EFBC}") = "KPLN_ExtraFilter", "KPLN_ExtraFilter.csproj", "{B32BFA37-CC96-4B18-8F27-DEA3D652E93E}"
EndProject
Global
	GlobalSection(SolutionConfigurationPlatforms) = preSolution
		Debug|x64 = Debug|x64
		Release|x64 = Release|x64
		Revit2023|x64 = Revit2023|x64
	EndGlobalSection
	GlobalSection(ProjectConfigurationPlatforms) = postSolution
		{B32BFA37-CC96-4B18-8F27-DEA3D652E93E}.Debug|x64.ActiveCfg = Debug|x64
		{B32BFA37-CC96-4B18-8F27-DEA3D652E93E}.Debug|x64.Build.0 = Debug|x64
		{B32BFA37-CC96-4B18-8F27-DEA3D652E93E}.Release|x64.ActiveCfg = Release|x64
		{B32BFA37-CC96-4B18-8F27-DEA3D652E93E}.Release|x64.Build.0 = Release|x64
		{B32BFA37-CC96-4B18-8F27-DEA3D652E93E}.Revit2023|x64.ActiveCfg = Revit2023|x64
		{B32BFA37-CC96-4B18-8F27-DEA3D652E93E}.Revit2023|x64.Build.0 = Revit2023|x64
	EndGlobalSection
	GlobalSection(SolutionProperties) = preSolution
		HideSolutionNode = FALSE
	EndGlobalSection
	GlobalSection(ExtensibilityGlobals) = postSolution
		SolutionGuid = {2786FDDF-6FED-4CD2-8EEE-D7F565B1DE75}
	EndGlobalSection
EndGlobal
